
Microsoft Visual Studio Solution File, Format Version 12.00
# Visual Studio 15
VisualStudioVersion = 15.0.27130.2036
MinimumVisualStudioVersion = 10.0.40219.1
Project("{FAE04EC0-301F-11D3-BF4B-00C04F79EFBC}") = "ExpressionTree1", "ExpressionTree1\ExpressionTree1.csproj", "{24D6723A-A41D-4268-8973-E6F563BDDCCF}"
EndProject
Global
	GlobalSection(SolutionConfigurationPlatforms) = preSolution
		Debug|Any CPU = Debug|Any CPU
		Release|Any CPU = Release|Any CPU
	EndGlobalSection
	GlobalSection(ProjectConfigurationPlatforms) = postSolution
		{24D6723A-A41D-4268-8973-E6F563BDDCCF}.Debug|Any CPU.ActiveCfg = Debug|Any CPU
		{24D6723A-A41D-4268-8973-E6F563BDDCCF}.Debug|Any CPU.Build.0 = Debug|Any CPU
		{24D6723A-A41D-4268-8973-E6F563BDDCCF}.Release|Any CPU.ActiveCfg = Release|Any CPU
		{24D6723A-A41D-4268-8973-E6F563BDDCCF}.Release|Any CPU.Build.0 = Release|Any CPU
	EndGlobalSection
	GlobalSection(SolutionProperties) = preSolution
		HideSolutionNode = FALSE
	EndGlobalSection
	GlobalSection(ExtensibilityGlobals) = postSolution
		SolutionGuid = {D4CB5FEC-30B9-4AF6-9DB7-657557D5417B}
	EndGlobalSection
EndGlobal
